// !$*UTF8*$!
{
	archiveVersion = 1;
	classes = {
	};
	objectVersion = 46;
	objects = {

/* Begin PBXBuildFile section */
		2C459BE51F24D7D400FDF832 /* AppDelegate.swift in Sources */ = {isa = PBXBuildFile; fileRef = 2C459BE41F24D7D400FDF832 /* AppDelegate.swift */; };
		2C459BE71F24D7D400FDF832 /* ViewController.swift in Sources */ = {isa = PBXBuildFile; fileRef = 2C459BE61F24D7D400FDF832 /* ViewController.swift */; };
		2C459BEA1F24D7D400FDF832 /* Main.storyboard in Resources */ = {isa = PBXBuildFile; fileRef = 2C459BE81F24D7D400FDF832 /* Main.storyboard */; };
		2C459BEC1F24D7D400FDF832 /* Assets.xcassets in Resources */ = {isa = PBXBuildFile; fileRef = 2C459BEB1F24D7D400FDF832 /* Assets.xcassets */; };
		2C459BEF1F24D7D400FDF832 /* LaunchScreen.storyboard in Resources */ = {isa = PBXBuildFile; fileRef = 2C459BED1F24D7D400FDF832 /* LaunchScreen.storyboard */; };
		2C459BF91F24D8EB00FDF832 /* SignInVC.swift in Sources */ = {isa = PBXBuildFile; fileRef = 2C459BF81F24D8EB00FDF832 /* SignInVC.swift */; };
		2C459C051F24DA4700FDF832 /* UIButtonX.swift in Sources */ = {isa = PBXBuildFile; fileRef = 2C459BFB1F24DA4700FDF832 /* UIButtonX.swift */; };
		2C459C061F24DA4700FDF832 /* UIImageViewX.swift in Sources */ = {isa = PBXBuildFile; fileRef = 2C459BFC1F24DA4700FDF832 /* UIImageViewX.swift */; };
		2C459C071F24DA4700FDF832 /* UILabelX.swift in Sources */ = {isa = PBXBuildFile; fileRef = 2C459BFD1F24DA4700FDF832 /* UILabelX.swift */; };
		2C459C081F24DA4700FDF832 /* UISliderX.swift in Sources */ = {isa = PBXBuildFile; fileRef = 2C459BFE1F24DA4700FDF832 /* UISliderX.swift */; };
		2C459C091F24DA4700FDF832 /* UITextFieldX.swift in Sources */ = {isa = PBXBuildFile; fileRef = 2C459BFF1F24DA4700FDF832 /* UITextFieldX.swift */; };
		2C459C0A1F24DA4700FDF832 /* UIViewAnchorPoint.swift in Sources */ = {isa = PBXBuildFile; fileRef = 2C459C001F24DA4700FDF832 /* UIViewAnchorPoint.swift */; };
		2C459C0B1F24DA4700FDF832 /* UIViewControllerX.swift in Sources */ = {isa = PBXBuildFile; fileRef = 2C459C011F24DA4700FDF832 /* UIViewControllerX.swift */; };
		2C459C0C1F24DA4700FDF832 /* UIViewX.swift in Sources */ = {isa = PBXBuildFile; fileRef = 2C459C021F24DA4700FDF832 /* UIViewX.swift */; };
		2C459C0D1F24DA4700FDF832 /* UIViewXRadialGradient.swift in Sources */ = {isa = PBXBuildFile; fileRef = 2C459C031F24DA4700FDF832 /* UIViewXRadialGradient.swift */; };
		2C459C0E1F24DA4700FDF832 /* UIVisualEffectViewX.swift in Sources */ = {isa = PBXBuildFile; fileRef = 2C459C041F24DA4700FDF832 /* UIVisualEffectViewX.swift */; };
		2CD4A33D1F24EB53004C7CBD /* GoogleService-Info.plist in Resources */ = {isa = PBXBuildFile; fileRef = 2CD4A33C1F24EB53004C7CBD /* GoogleService-Info.plist */; };
		2CD4A33F1F24EB65004C7CBD /* GoogleService-Info.plist in Resources */ = {isa = PBXBuildFile; fileRef = 2CD4A33E1F24EB65004C7CBD /* GoogleService-Info.plist */; };
		94150334539ED2867DADDF7F /* Pods_Iquue.framework in Frameworks */ = {isa = PBXBuildFile; fileRef = AE9D36763C2A7D36C0FF01CB /* Pods_Iquue.framework */; };
/* End PBXBuildFile section */

/* Begin PBXFileReference section */
		2C459BE11F24D7D400FDF832 /* Iquue.app */ = {isa = PBXFileReference; explicitFileType = wrapper.application; includeInIndex = 0; path = Iquue.app; sourceTree = BUILT_PRODUCTS_DIR; };
		2C459BE41F24D7D400FDF832 /* AppDelegate.swift */ = {isa = PBXFileReference; lastKnownFileType = sourcecode.swift; path = AppDelegate.swift; sourceTree = "<group>"; };
		2C459BE61F24D7D400FDF832 /* ViewController.swift */ = {isa = PBXFileReference; lastKnownFileType = sourcecode.swift; path = ViewController.swift; sourceTree = "<group>"; };
		2C459BE91F24D7D400FDF832 /* Base */ = {isa = PBXFileReference; lastKnownFileType = file.storyboard; name = Base; path = Base.lproj/Main.storyboard; sourceTree = "<group>"; };
		2C459BEB1F24D7D400FDF832 /* Assets.xcassets */ = {isa = PBXFileReference; lastKnownFileType = folder.assetcatalog; path = Assets.xcassets; sourceTree = "<group>"; };
		2C459BEE1F24D7D400FDF832 /* Base */ = {isa = PBXFileReference; lastKnownFileType = file.storyboard; name = Base; path = Base.lproj/LaunchScreen.storyboard; sourceTree = "<group>"; };
		2C459BF01F24D7D400FDF832 /* Info.plist */ = {isa = PBXFileReference; lastKnownFileType = text.plist.xml; path = Info.plist; sourceTree = "<group>"; };
		2C459BF81F24D8EB00FDF832 /* SignInVC.swift */ = {isa = PBXFileReference; fileEncoding = 4; lastKnownFileType = sourcecode.swift; name = SignInVC.swift; path = ../SignInVC.swift; sourceTree = "<group>"; };
		2C459BFB1F24DA4700FDF832 /* UIButtonX.swift */ = {isa = PBXFileReference; fileEncoding = 4; lastKnownFileType = sourcecode.swift; path = UIButtonX.swift; sourceTree = "<group>"; };
		2C459BFC1F24DA4700FDF832 /* UIImageViewX.swift */ = {isa = PBXFileReference; fileEncoding = 4; lastKnownFileType = sourcecode.swift; path = UIImageViewX.swift; sourceTree = "<group>"; };
		2C459BFD1F24DA4700FDF832 /* UILabelX.swift */ = {isa = PBXFileReference; fileEncoding = 4; lastKnownFileType = sourcecode.swift; path = UILabelX.swift; sourceTree = "<group>"; };
		2C459BFE1F24DA4700FDF832 /* UISliderX.swift */ = {isa = PBXFileReference; fileEncoding = 4; lastKnownFileType = sourcecode.swift; path = UISliderX.swift; sourceTree = "<group>"; };
		2C459BFF1F24DA4700FDF832 /* UITextFieldX.swift */ = {isa = PBXFileReference; fileEncoding = 4; lastKnownFileType = sourcecode.swift; path = UITextFieldX.swift; sourceTree = "<group>"; };
		2C459C001F24DA4700FDF832 /* UIViewAnchorPoint.swift */ = {isa = PBXFileReference; fileEncoding = 4; lastKnownFileType = sourcecode.swift; path = UIViewAnchorPoint.swift; sourceTree = "<group>"; };
		2C459C011F24DA4700FDF832 /* UIViewControllerX.swift */ = {isa = PBXFileReference; fileEncoding = 4; lastKnownFileType = sourcecode.swift; path = UIViewControllerX.swift; sourceTree = "<group>"; };
		2C459C021F24DA4700FDF832 /* UIViewX.swift */ = {isa = PBXFileReference; fileEncoding = 4; lastKnownFileType = sourcecode.swift; path = UIViewX.swift; sourceTree = "<group>"; };
		2C459C031F24DA4700FDF832 /* UIViewXRadialGradient.swift */ = {isa = PBXFileReference; fileEncoding = 4; lastKnownFileType = sourcecode.swift; path = UIViewXRadialGradient.swift; sourceTree = "<group>"; };
		2C459C041F24DA4700FDF832 /* UIVisualEffectViewX.swift */ = {isa = PBXFileReference; fileEncoding = 4; lastKnownFileType = sourcecode.swift; path = UIVisualEffectViewX.swift; sourceTree = "<group>"; };
		2CD4A33C1F24EB53004C7CBD /* GoogleService-Info.plist */ = {isa = PBXFileReference; fileEncoding = 4; lastKnownFileType = text.plist.xml; path = "GoogleService-Info.plist"; sourceTree = "<group>"; };
		2CD4A33E1F24EB65004C7CBD /* GoogleService-Info.plist */ = {isa = PBXFileReference; fileEncoding = 4; lastKnownFileType = text.plist.xml; path = "GoogleService-Info.plist"; sourceTree = "<group>"; };
		6990F3C777ADE40C40738DD2 /* Pods-Iquue.debug.xcconfig */ = {isa = PBXFileReference; includeInIndex = 1; lastKnownFileType = text.xcconfig; name = "Pods-Iquue.debug.xcconfig"; path = "Pods/Target Support Files/Pods-Iquue/Pods-Iquue.debug.xcconfig"; sourceTree = "<group>"; };
		9D5F5E457F814295A88DBCEA /* Pods-Iquue.release.xcconfig */ = {isa = PBXFileReference; includeInIndex = 1; lastKnownFileType = text.xcconfig; name = "Pods-Iquue.release.xcconfig"; path = "Pods/Target Support Files/Pods-Iquue/Pods-Iquue.release.xcconfig"; sourceTree = "<group>"; };
		AE9D36763C2A7D36C0FF01CB /* Pods_Iquue.framework */ = {isa = PBXFileReference; explicitFileType = wrapper.framework; includeInIndex = 0; path = Pods_Iquue.framework; sourceTree = BUILT_PRODUCTS_DIR; };
/* End PBXFileReference section */

/* Begin PBXFrameworksBuildPhase section */
		2C459BDE1F24D7D400FDF832 /* Frameworks */ = {
			isa = PBXFrameworksBuildPhase;
			buildActionMask = 2147483647;
			files = (
				94150334539ED2867DADDF7F /* Pods_Iquue.framework in Frameworks */,
			);
			runOnlyForDeploymentPostprocessing = 0;
		};
/* End PBXFrameworksBuildPhase section */

/* Begin PBXGroup section */
		2C0D8A431F24F15300954E64 /* Model */ = {
			isa = PBXGroup;
			children = (
			);
			name = Model;
			sourceTree = "<group>";
		};
		2C0D8A441F24F15900954E64 /* View */ = {
			isa = PBXGroup;
			children = (
			);
			name = View;
			sourceTree = "<group>";
		};
		2C0D8A451F24F16A00954E64 /* Controller */ = {
			isa = PBXGroup;
			children = (
				2C459BE61F24D7D400FDF832 /* ViewController.swift */,
				2C459BF81F24D8EB00FDF832 /* SignInVC.swift */,
			);
			name = Controller;
			sourceTree = "<group>";
		};
		2C459BD81F24D7D400FDF832 = {
			isa = PBXGroup;
			children = (
				2C459BE31F24D7D400FDF832 /* Iquue */,
				2C459BE21F24D7D400FDF832 /* Products */,
				2C459BFA1F24DA4700FDF832 /* DesignableX */,
				DCE02193069614C3529F620D /* Pods */,
				D0EDD775781825891F41822E /* Frameworks */,
			);
			sourceTree = "<group>";
		};
		2C459BE21F24D7D400FDF832 /* Products */ = {
			isa = PBXGroup;
			children = (
				2C459BE11F24D7D400FDF832 /* Iquue.app */,
			);
			name = Products;
			sourceTree = "<group>";
		};
		2C459BE31F24D7D400FDF832 /* Iquue */ = {
			isa = PBXGroup;
			children = (
				2C0D8A451F24F16A00954E64 /* Controller */,
				2C0D8A441F24F15900954E64 /* View */,
				2C0D8A431F24F15300954E64 /* Model */,
				2C459BE41F24D7D400FDF832 /* AppDelegate.swift */,
				2C459BE81F24D7D400FDF832 /* Main.storyboard */,
				2C459BEB1F24D7D400FDF832 /* Assets.xcassets */,
				2C459BED1F24D7D400FDF832 /* LaunchScreen.storyboard */,
				2C459BF01F24D7D400FDF832 /* Info.plist */,
				2CD4A33E1F24EB65004C7CBD /* GoogleService-Info.plist */,
			);
			path = Iquue;
			sourceTree = "<group>";
		};
		2C459BFA1F24DA4700FDF832 /* DesignableX */ = {
			isa = PBXGroup;
			children = (
				2CD4A33C1F24EB53004C7CBD /* GoogleService-Info.plist */,
				2C459BFB1F24DA4700FDF832 /* UIButtonX.swift */,
				2C459BFC1F24DA4700FDF832 /* UIImageViewX.swift */,
				2C459BFD1F24DA4700FDF832 /* UILabelX.swift */,
				2C459BFE1F24DA4700FDF832 /* UISliderX.swift */,
				2C459BFF1F24DA4700FDF832 /* UITextFieldX.swift */,
				2C459C001F24DA4700FDF832 /* UIViewAnchorPoint.swift */,
				2C459C011F24DA4700FDF832 /* UIViewControllerX.swift */,
				2C459C021F24DA4700FDF832 /* UIViewX.swift */,
				2C459C031F24DA4700FDF832 /* UIViewXRadialGradient.swift */,
				2C459C041F24DA4700FDF832 /* UIVisualEffectViewX.swift */,
			);
			path = DesignableX;
			sourceTree = "<group>";
		};
		D0EDD775781825891F41822E /* Frameworks */ = {
			isa = PBXGroup;
			children = (
				AE9D36763C2A7D36C0FF01CB /* Pods_Iquue.framework */,
			);
			name = Frameworks;
			sourceTree = "<group>";
		};
		DCE02193069614C3529F620D /* Pods */ = {
			isa = PBXGroup;
			children = (
				6990F3C777ADE40C40738DD2 /* Pods-Iquue.debug.xcconfig */,
				9D5F5E457F814295A88DBCEA /* Pods-Iquue.release.xcconfig */,
			);
			name = Pods;
			sourceTree = "<group>";
		};
/* End PBXGroup section */

/* Begin PBXNativeTarget section */
		2C459BE01F24D7D400FDF832 /* Iquue */ = {
			isa = PBXNativeTarget;
			buildConfigurationList = 2C459BF31F24D7D400FDF832 /* Build configuration list for PBXNativeTarget "Iquue" */;
			buildPhases = (
				8524F283A7C02F4BEA0BC256 /* [CP] Check Pods Manifest.lock */,
				2C459BDD1F24D7D400FDF832 /* Sources */,
				2C459BDE1F24D7D400FDF832 /* Frameworks */,
				2C459BDF1F24D7D400FDF832 /* Resources */,
				9998DCB6601D1B5A77167E63 /* [CP] Embed Pods Frameworks */,
				6B29EA63A6602D677E96F64C /* [CP] Copy Pods Resources */,
			);
			buildRules = (
			);
			dependencies = (
			);
			name = Iquue;
			productName = Iquue;
			productReference = 2C459BE11F24D7D400FDF832 /* Iquue.app */;
			productType = "com.apple.product-type.application";
		};
/* End PBXNativeTarget section */

/* Begin PBXProject section */
		2C459BD91F24D7D400FDF832 /* Project object */ = {
			isa = PBXProject;
			attributes = {
				LastSwiftUpdateCheck = 0830;
				LastUpgradeCheck = 0830;
				ORGANIZATIONNAME = oskarGuest;
				TargetAttributes = {
					2C459BE01F24D7D400FDF832 = {
						CreatedOnToolsVersion = 8.3.3;
						DevelopmentTeam = HFRBUUM266;
						ProvisioningStyle = Automatic;
					};
				};
			};
			buildConfigurationList = 2C459BDC1F24D7D400FDF832 /* Build configuration list for PBXProject "Iquue" */;
			compatibilityVersion = "Xcode 3.2";
			developmentRegion = English;
			hasScannedForEncodings = 0;
			knownRegions = (
				en,
				Base,
			);
			mainGroup = 2C459BD81F24D7D400FDF832;
			productRefGroup = 2C459BE21F24D7D400FDF832 /* Products */;
			projectDirPath = "";
			projectRoot = "";
			targets = (
				2C459BE01F24D7D400FDF832 /* Iquue */,
			);
		};
/* End PBXProject section */

/* Begin PBXResourcesBuildPhase section */
		2C459BDF1F24D7D400FDF832 /* Resources */ = {
			isa = PBXResourcesBuildPhase;
			buildActionMask = 2147483647;
			files = (
				2C459BEF1F24D7D400FDF832 /* LaunchScreen.storyboard in Resources */,
				2CD4A33D1F24EB53004C7CBD /* GoogleService-Info.plist in Resources */,
				2CD4A33F1F24EB65004C7CBD /* GoogleService-Info.plist in Resources */,
				2C459BEC1F24D7D400FDF832 /* Assets.xcassets in Resources */,
				2C459BEA1F24D7D400FDF832 /* Main.storyboard in Resources */,
			);
			runOnlyForDeploymentPostprocessing = 0;
		};
/* End PBXResourcesBuildPhase section */

/* Begin PBXShellScriptBuildPhase section */
		6B29EA63A6602D677E96F64C /* [CP] Copy Pods Resources */ = {
			isa = PBXShellScriptBuildPhase;
			buildActionMask = 2147483647;
			files = (
			);
			inputPaths = (
			);
			name = "[CP] Copy Pods Resources";
			outputPaths = (
			);
			runOnlyForDeploymentPostprocessing = 0;
			shellPath = /bin/sh;
			shellScript = "\"${SRCROOT}/Pods/Target Support Files/Pods-Iquue/Pods-Iquue-resources.sh\"\n";
			showEnvVarsInLog = 0;
		};
		8524F283A7C02F4BEA0BC256 /* [CP] Check Pods Manifest.lock */ = {
			isa = PBXShellScriptBuildPhase;
			buildActionMask = 2147483647;
			files = (
			);
			inputPaths = (
			);
			name = "[CP] Check Pods Manifest.lock";
			outputPaths = (
			);
			runOnlyForDeploymentPostprocessing = 0;
			shellPath = /bin/sh;
			shellScript = "diff \"${PODS_PODFILE_DIR_PATH}/Podfile.lock\" \"${PODS_ROOT}/Manifest.lock\" > /dev/null\nif [ $? != 0 ] ; then\n    # print error to STDERR\n    echo \"error: The sandbox is not in sync with the Podfile.lock. Run 'pod install' or update your CocoaPods installation.\" >&2\n    exit 1\nfi\n";
			showEnvVarsInLog = 0;
		};
		9998DCB6601D1B5A77167E63 /* [CP] Embed Pods Frameworks */ = {
			isa = PBXShellScriptBuildPhase;
			buildActionMask = 2147483647;
			files = (
			);
			inputPaths = (
			);
			name = "[CP] Embed Pods Frameworks";
			outputPaths = (
			);
			runOnlyForDeploymentPostprocessing = 0;
			shellPath = /bin/sh;
			shellScript = "\"${SRCROOT}/Pods/Target Support Files/Pods-Iquue/Pods-Iquue-frameworks.sh\"\n";
			showEnvVarsInLog = 0;
		};
/* End PBXShellScriptBuildPhase section */

/* Begin PBXSourcesBuildPhase section */
		2C459BDD1F24D7D400FDF832 /* Sources */ = {
			isa = PBXSourcesBuildPhase;
			buildActionMask = 2147483647;
			files = (
				2C459C0E1F24DA4700FDF832 /* UIVisualEffectViewX.swift in Sources */,
				2C459C051F24DA4700FDF832 /* UIButtonX.swift in Sources */,
				2C459C061F24DA4700FDF832 /* UIImageViewX.swift in Sources */,
				2C459C0D1F24DA4700FDF832 /* UIViewXRadialGradient.swift in Sources */,
				2C459C0C1F24DA4700FDF832 /* UIViewX.swift in Sources */,
				2C459BE71F24D7D400FDF832 /* ViewController.swift in Sources */,
				2C459C0A1F24DA4700FDF832 /* UIViewAnchorPoint.swift in Sources */,
				2C459C071F24DA4700FDF832 /* UILabelX.swift in Sources */,
				2C459C0B1F24DA4700FDF832 /* UIViewControllerX.swift in Sources */,
				2C459C091F24DA4700FDF832 /* UITextFieldX.swift in Sources */,
				2C459BE51F24D7D400FDF832 /* AppDelegate.swift in Sources */,
				2C459C081F24DA4700FDF832 /* UISliderX.swift in Sources */,
				2C459BF91F24D8EB00FDF832 /* SignInVC.swift in Sources */,
			);
			runOnlyForDeploymentPostprocessing = 0;
		};
/* End PBXSourcesBuildPhase section */

/* Begin PBXVariantGroup section */
		2C459BE81F24D7D400FDF832 /* Main.storyboard */ = {
			isa = PBXVariantGroup;
			children = (
				2C459BE91F24D7D400FDF832 /* Base */,
			);
			name = Main.storyboard;
			sourceTree = "<group>";
		};
		2C459BED1F24D7D400FDF832 /* LaunchScreen.storyboard */ = {
			isa = PBXVariantGroup;
			children = (
				2C459BEE1F24D7D400FDF832 /* Base */,
			);
			name = LaunchScreen.storyboard;
			sourceTree = "<group>";
		};
/* End PBXVariantGroup section */

/* Begin XCBuildConfiguration section */
		2C459BF11F24D7D400FDF832 /* Debug */ = {
			isa = XCBuildConfiguration;
			buildSettings = {
				ALWAYS_SEARCH_USER_PATHS = NO;
				CLANG_ANALYZER_NONNULL = YES;
				CLANG_ANALYZER_NUMBER_OBJECT_CONVERSION = YES_AGGRESSIVE;
				CLANG_CXX_LANGUAGE_STANDARD = "gnu++0x";
				CLANG_CXX_LIBRARY = "libc++";
				CLANG_ENABLE_MODULES = YES;
				CLANG_ENABLE_OBJC_ARC = YES;
				CLANG_WARN_BOOL_CONVERSION = YES;
				CLANG_WARN_CONSTANT_CONVERSION = YES;
				CLANG_WARN_DIRECT_OBJC_ISA_USAGE = YES_ERROR;
				CLANG_WARN_DOCUMENTATION_COMMENTS = YES;
				CLANG_WARN_EMPTY_BODY = YES;
				CLANG_WARN_ENUM_CONVERSION = YES;
				CLANG_WARN_INFINITE_RECURSION = YES;
				CLANG_WARN_INT_CONVERSION = YES;
				CLANG_WARN_OBJC_ROOT_CLASS = YES_ERROR;
				CLANG_WARN_SUSPICIOUS_MOVE = YES;
				CLANG_WARN_UNREACHABLE_CODE = YES;
				CLANG_WARN__DUPLICATE_METHOD_MATCH = YES;
				"CODE_SIGN_IDENTITY[sdk=iphoneos*]" = "iPhone Developer";
				COPY_PHASE_STRIP = NO;
				DEBUG_INFORMATION_FORMAT = dwarf;
				ENABLE_STRICT_OBJC_MSGSEND = YES;
				ENABLE_TESTABILITY = YES;
				GCC_C_LANGUAGE_STANDARD = gnu99;
				GCC_DYNAMIC_NO_PIC = NO;
				GCC_NO_COMMON_BLOCKS = YES;
				GCC_OPTIMIZATION_LEVEL = 0;
				GCC_PREPROCESSOR_DEFINITIONS = (
					"DEBUG=1",
					"$(inherited)",
				);
				GCC_WARN_64_TO_32_BIT_CONVERSION = YES;
				GCC_WARN_ABOUT_RETURN_TYPE = YES_ERROR;
				GCC_WARN_UNDECLARED_SELECTOR = YES;
				GCC_WARN_UNINITIALIZED_AUTOS = YES_AGGRESSIVE;
				GCC_WARN_UNUSED_FUNCTION = YES;
				GCC_WARN_UNUSED_VARIABLE = YES;
				IPHONEOS_DEPLOYMENT_TARGET = 10.3;
				MTL_ENABLE_DEBUG_INFO = YES;
				ONLY_ACTIVE_ARCH = YES;
				SDKROOT = iphoneos;
				SWIFT_ACTIVE_COMPILATION_CONDITIONS = DEBUG;
				SWIFT_OPTIMIZATION_LEVEL = "-Onone";
				TARGETED_DEVICE_FAMILY = "1,2";
			};
			name = Debug;
		};
		2C459BF21F24D7D400FDF832 /* Release */ = {
			isa = XCBuildConfiguration;
			buildSettings = {
				ALWAYS_SEARCH_USER_PATHS = NO;
				CLANG_ANALYZER_NONNULL = YES;
				CLANG_ANALYZER_NUMBER_OBJECT_CONVERSION = YES_AGGRESSIVE;
				CLANG_CXX_LANGUAGE_STANDARD = "gnu++0x";
				CLANG_CXX_LIBRARY = "libc++";
				CLANG_ENABLE_MODULES = YES;
				CLANG_ENABLE_OBJC_ARC = YES;
				CLANG_WARN_BOOL_CONVERSION = YES;
				CLANG_WARN_CONSTANT_CONVERSION = YES;
				CLANG_WARN_DIRECT_OBJC_ISA_USAGE = YES_ERROR;
				CLANG_WARN_DOCUMENTATION_COMMENTS = YES;
				CLANG_WARN_EMPTY_BODY = YES;
				CLANG_WARN_ENUM_CONVERSION = YES;
				CLANG_WARN_INFINITE_RECURSION = YES;
				CLANG_WARN_INT_CONVERSION = YES;
				CLANG_WARN_OBJC_ROOT_CLASS = YES_ERROR;
				CLANG_WARN_SUSPICIOUS_MOVE = YES;
				CLANG_WARN_UNREACHABLE_CODE = YES;
				CLANG_WARN__DUPLICATE_METHOD_MATCH = YES;
				"CODE_SIGN_IDENTITY[sdk=iphoneos*]" = "iPhone Developer";
				COPY_PHASE_STRIP = NO;
				DEBUG_INFORMATION_FORMAT = "dwarf-with-dsym";
				ENABLE_NS_ASSERTIONS = NO;
				ENABLE_STRICT_OBJC_MSGSEND = YES;
				GCC_C_LANGUAGE_STANDARD = gnu99;
				GCC_NO_COMMON_BLOCKS = YES;
				GCC_WARN_64_TO_32_BIT_CONVERSION = YES;
				GCC_WARN_ABOUT_RETURN_TYPE = YES_ERROR;
				GCC_WARN_UNDECLARED_SELECTOR = YES;
				GCC_WARN_UNINITIALIZED_AUTOS = YES_AGGRESSIVE;
				GCC_WARN_UNUSED_FUNCTION = YES;
				GCC_WARN_UNUSED_VARIABLE = YES;
				IPHONEOS_DEPLOYMENT_TARGET = 10.3;
				MTL_ENABLE_DEBUG_INFO = NO;
				SDKROOT = iphoneos;
				SWIFT_OPTIMIZATION_LEVEL = "-Owholemodule";
				TARGETED_DEVICE_FAMILY = "1,2";
				VALIDATE_PRODUCT = YES;
			};
			name = Release;
		};
		2C459BF41F24D7D400FDF832 /* Debug */ = {
			isa = XCBuildConfiguration;
			baseConfigurationReference = 6990F3C777ADE40C40738DD2 /* Pods-Iquue.debug.xcconfig */;
			buildSettings = {
				ASSETCATALOG_COMPILER_APPICON_NAME = AppIcon;
				DEVELOPMENT_TEAM = HFRBUUM266;
				INFOPLIST_FILE = Iquue/Info.plist;
				LD_RUNPATH_SEARCH_PATHS = "$(inherited) @executable_path/Frameworks";
				PRODUCT_BUNDLE_IDENTIFIER = se.oscarljungdahl.Iquue;
				PRODUCT_NAME = "$(TARGET_NAME)";
				SWIFT_VERSION = 3.0;
			};
			name = Debug;
		};
		2C459BF51F24D7D400FDF832 /* Release */ = {
			isa = XCBuildConfiguration;
			baseConfigurationReference = 9D5F5E457F814295A88DBCEA /* Pods-Iquue.release.xcconfig */;
			buildSettings = {
				ASSETCATALOG_COMPILER_APPICON_NAME = AppIcon;
				DEVELOPMENT_TEAM = HFRBUUM266;
				INFOPLIST_FILE = Iquue/Info.plist;
				LD_RUNPATH_SEARCH_PATHS = "$(inherited) @executable_path/Frameworks";
				PRODUCT_BUNDLE_IDENTIFIER = se.oscarljungdahl.Iquue;
				PRODUCT_NAME = "$(TARGET_NAME)";
				SWIFT_VERSION = 3.0;
			};
			name = Release;
		};
/* End XCBuildConfiguration section */

/* Begin XCConfigurationList section */
		2C459BDC1F24D7D400FDF832 /* Build configuration list for PBXProject "Iquue" */ = {
			isa = XCConfigurationList;
			buildConfigurations = (
				2C459BF11F24D7D400FDF832 /* Debug */,
				2C459BF21F24D7D400FDF832 /* Release */,
			);
			defaultConfigurationIsVisible = 0;
			defaultConfigurationName = Release;
		};
		2C459BF31F24D7D400FDF832 /* Build configuration list for PBXNativeTarget "Iquue" */ = {
			isa = XCConfigurationList;
			buildConfigurations = (
				2C459BF41F24D7D400FDF832 /* Debug */,
				2C459BF51F24D7D400FDF832 /* Release */,
			);
			defaultConfigurationIsVisible = 0;
			defaultConfigurationName = Release;
		};
/* End XCConfigurationList section */
	};
	rootObject = 2C459BD91F24D7D400FDF832 /* Project object */;
}
